{
  "nodes": {
    "nixpkgs": {
      "locked": {
        "lastModified": 1742364351,
        "narHash": "sha256-jXRpw4xT5LV2cBoq5fKFLwtX2j68RB93iX8F8KMMzWk=",
        "owner": "NixOS",
        "repo": "nixpkgs",
        "rev": "44e422ba8ed1bdec9620b0733601669972f91170",
        "type": "github"
      },
      "original": {
        "owner": "NixOS",
        "ref": "nixpkgs-unstable",
        "repo": "nixpkgs",
        "type": "github"
      }
    },
    "nixpkgs_2": {
      "locked": {
        "lastModified": 1741332913,
        "narHash": "sha256-ri1e8ZliWS3Jnp9yqpKApHaOo7KBN33W8ECAKA4teAQ=",
        "owner": "NixOS",
        "repo": "nixpkgs",
        "rev": "20755fa05115c84be00b04690630cb38f0a203ad",
        "type": "github"
      },
      "original": {
        "owner": "NixOS",
        "ref": "nixos-24.11",
        "repo": "nixpkgs",
        "type": "github"
      }
    },
    "root": {
      "inputs": {
        "nixpkgs": "nixpkgs",
        "zed-extensions": "zed-extensions"
      }
    },
    "zed-extensions": {
      "inputs": {
        "nixpkgs": "nixpkgs_2"
      },
      "locked": {
        "lastModified": 1742441500,
        "narHash": "sha256-/4ovHKiTMP2VS2A0YKBX+AWh0yVs0eoe9b3ZtE9ZwgU=",
        "owner": "DuskSystems",
        "repo": "nix-zed-extensions",
        "rev": "aedfe74129232595827347a6dd1891e04eec89e6",
        "type": "github"
      },
      "original": {
        "owner": "DuskSystems",
        "repo": "nix-zed-extensions",
        "type": "github"
      }
    }
  },
  "root": "root",
  "version": 7
}
