{
  "nodes": {
    "nixpkgs": {
      "locked": {
        "lastModified": 1742272065,
        "narHash": "sha256-ud8vcSzJsZ/CK+r8/v0lyf4yUntVmDq6Z0A41ODfWbE=",
        "owner": "NixOS",
        "repo": "nixpkgs",
        "rev": "3549532663732bfd89993204d40543e9edaec4f2",
        "type": "github"
      },
      "original": {
        "owner": "NixOS",
        "ref": "nixpkgs-unstable",
        "repo": "nixpkgs",
        "type": "github"
      }
    },
    "nixpkgs_2": {
      "locked": {
        "lastModified": 1741332913,
        "narHash": "sha256-ri1e8ZliWS3Jnp9yqpKApHaOo7KBN33W8ECAKA4teAQ=",
        "owner": "NixOS",
        "repo": "nixpkgs",
        "rev": "20755fa05115c84be00b04690630cb38f0a203ad",
        "type": "github"
      },
      "original": {
        "owner": "NixOS",
        "ref": "nixos-24.11",
        "repo": "nixpkgs",
        "type": "github"
      }
    },
    "root": {
      "inputs": {
        "nixpkgs": "nixpkgs",
        "zed-extensions": "zed-extensions"
      }
    },
    "zed-extensions": {
      "inputs": {
        "nixpkgs": "nixpkgs_2"
      },
      "locked": {
        "lastModified": 1742268756,
        "narHash": "sha256-/Kw/KK8GILSk3C5zZJix9Nv9tXVPPs+2f5sKFIkh4R0=",
        "owner": "DuskSystems",
        "repo": "nix-zed-extensions",
        "rev": "f5a8527e2658397697598d478d168c212b43cc7b",
        "type": "github"
      },
      "original": {
        "owner": "DuskSystems",
        "repo": "nix-zed-extensions",
        "type": "github"
      }
    }
  },
  "root": "root",
  "version": 7
}
